
Microsoft Visual Studio Solution File, Format Version 12.00
# Visual Studio 15
VisualStudioVersion = 15.0.27428.2011
MinimumVisualStudioVersion = 10.0.40219.1
Project("{FAE04EC0-301F-11D3-BF4B-00C04F79EFBC}") = "PolyNavi", "PolyNavi\PolyNavi.csproj", "{4A21FF10-A8EF-403D-BC99-3AD8F6052698}"
EndProject
Project("{9A19103F-16F7-4668-BE54-9A1E7A4F7556}") = "PolyNaviLib", "PolyNaviLib\PolyNaviLib.csproj", "{4D3820D0-A7D3-4FDB-93B0-217FBCE25BEC}"
EndProject
Project("{FAE04EC0-301F-11D3-BF4B-00C04F79EFBC}") = "GraphMapper", "GraphMapper\GraphMapper.csproj", "{5E299A98-BC5C-41E0-8069-BEEAE5E03824}"
EndProject
Project("{9A19103F-16F7-4668-BE54-9A1E7A4F7556}") = "Graph", "Graph\Graph.csproj", "{846CCA01-4E29-4C4F-8E58-A88B0E2925EF}"
EndProject
Project("{2150E333-8FDC-42A3-9474-1A3956D46DE8}") = "Solution Items", "Solution Items", "{9CFBEAF8-E5C1-4BBF-8054-789CC2FBF7F2}"
	ProjectSection(SolutionItems) = preProject
		README.md = README.md
	EndProjectSection
EndProject
Global
	GlobalSection(SolutionConfigurationPlatforms) = preSolution
		Debug|Any CPU = Debug|Any CPU
		Release|Any CPU = Release|Any CPU
	EndGlobalSection
	GlobalSection(ProjectConfigurationPlatforms) = postSolution
		{4A21FF10-A8EF-403D-BC99-3AD8F6052698}.Debug|Any CPU.ActiveCfg = Debug|Any CPU
		{4A21FF10-A8EF-403D-BC99-3AD8F6052698}.Debug|Any CPU.Build.0 = Debug|Any CPU
		{4A21FF10-A8EF-403D-BC99-3AD8F6052698}.Debug|Any CPU.Deploy.0 = Debug|Any CPU
		{4A21FF10-A8EF-403D-BC99-3AD8F6052698}.Release|Any CPU.ActiveCfg = Release|Any CPU
		{4A21FF10-A8EF-403D-BC99-3AD8F6052698}.Release|Any CPU.Build.0 = Release|Any CPU
		{4A21FF10-A8EF-403D-BC99-3AD8F6052698}.Release|Any CPU.Deploy.0 = Release|Any CPU
		{4D3820D0-A7D3-4FDB-93B0-217FBCE25BEC}.Debug|Any CPU.ActiveCfg = Debug|Any CPU
		{4D3820D0-A7D3-4FDB-93B0-217FBCE25BEC}.Debug|Any CPU.Build.0 = Debug|Any CPU
		{4D3820D0-A7D3-4FDB-93B0-217FBCE25BEC}.Release|Any CPU.ActiveCfg = Release|Any CPU
		{4D3820D0-A7D3-4FDB-93B0-217FBCE25BEC}.Release|Any CPU.Build.0 = Release|Any CPU
		{5E299A98-BC5C-41E0-8069-BEEAE5E03824}.Debug|Any CPU.ActiveCfg = Debug|Any CPU
		{5E299A98-BC5C-41E0-8069-BEEAE5E03824}.Debug|Any CPU.Build.0 = Debug|Any CPU
		{5E299A98-BC5C-41E0-8069-BEEAE5E03824}.Release|Any CPU.ActiveCfg = Release|Any CPU
		{5E299A98-BC5C-41E0-8069-BEEAE5E03824}.Release|Any CPU.Build.0 = Release|Any CPU
		{846CCA01-4E29-4C4F-8E58-A88B0E2925EF}.Debug|Any CPU.ActiveCfg = Debug|Any CPU
		{846CCA01-4E29-4C4F-8E58-A88B0E2925EF}.Debug|Any CPU.Build.0 = Debug|Any CPU
		{846CCA01-4E29-4C4F-8E58-A88B0E2925EF}.Release|Any CPU.ActiveCfg = Release|Any CPU
		{846CCA01-4E29-4C4F-8E58-A88B0E2925EF}.Release|Any CPU.Build.0 = Release|Any CPU
	EndGlobalSection
	GlobalSection(SolutionProperties) = preSolution
		HideSolutionNode = FALSE
	EndGlobalSection
	GlobalSection(ExtensibilityGlobals) = postSolution
		SolutionGuid = {FBBDDE46-A5B2-4D37-99BB-EA3064828F3F}
	EndGlobalSection
EndGlobal
