
Microsoft Visual Studio Solution File, Format Version 12.00
# Visual Studio Version 16
VisualStudioVersion = 16.0.30002.166
MinimumVisualStudioVersion = 10.0.40219.1
Project("{FAE04EC0-301F-11D3-BF4B-00C04F79EFBC}") = "GraphMapper", "GraphMapper\GraphMapper.csproj", "{5E299A98-BC5C-41E0-8069-BEEAE5E03824}"
EndProject
Project("{9A19103F-16F7-4668-BE54-9A1E7A4F7556}") = "Graph", "Graph\Graph.csproj", "{846CCA01-4E29-4C4F-8E58-A88B0E2925EF}"
EndProject
Project("{2150E333-8FDC-42A3-9474-1A3956D46DE8}") = "Solution Items", "Solution Items", "{9CFBEAF8-E5C1-4BBF-8054-789CC2FBF7F2}"
	ProjectSection(SolutionItems) = preProject
		ASSETS_LICENSES.md = ASSETS_LICENSES.md
		LICENSE = LICENSE
		LICENSE-3RD-PARTY.txt = LICENSE-3RD-PARTY.txt
		NOTICE.TXT = NOTICE.TXT
		README.md = README.md
		Screenshots.png = Screenshots.png
	EndProjectSection
EndProject
Project("{9A19103F-16F7-4668-BE54-9A1E7A4F7556}") = "Polynavi.Dal", "Polynavi.Dal\Polynavi.Dal.csproj", "{81831C19-A3D3-403E-8BAC-D805A3087EC2}"
EndProject
Project("{9A19103F-16F7-4668-BE54-9A1E7A4F7556}") = "Polynavi.Common", "Polynavi.Common\Polynavi.Common.csproj", "{CA6EA28B-C54E-4CDF-931A-AB99DE56F93F}"
EndProject
Project("{9A19103F-16F7-4668-BE54-9A1E7A4F7556}") = "Polynavi.Bll", "Polynavi.Bll\Polynavi.Bll.csproj", "{A36F8E6B-3E1E-4CBE-BC02-06D686A153ED}"
EndProject
Project("{FAE04EC0-301F-11D3-BF4B-00C04F79EFBC}") = "Polynavi.Droid", "Polynavi.Droid\Polynavi.Droid.csproj", "{4A21FF10-A8EF-403D-BC99-3AD8F6052698}"
EndProject
Global
	GlobalSection(SolutionConfigurationPlatforms) = preSolution
		Debug|Any CPU = Debug|Any CPU
		Release|Any CPU = Release|Any CPU
	EndGlobalSection
	GlobalSection(ProjectConfigurationPlatforms) = postSolution
		{5E299A98-BC5C-41E0-8069-BEEAE5E03824}.Debug|Any CPU.ActiveCfg = Debug|Any CPU
		{5E299A98-BC5C-41E0-8069-BEEAE5E03824}.Debug|Any CPU.Build.0 = Debug|Any CPU
		{5E299A98-BC5C-41E0-8069-BEEAE5E03824}.Release|Any CPU.ActiveCfg = Release|Any CPU
		{5E299A98-BC5C-41E0-8069-BEEAE5E03824}.Release|Any CPU.Build.0 = Release|Any CPU
		{846CCA01-4E29-4C4F-8E58-A88B0E2925EF}.Debug|Any CPU.ActiveCfg = Debug|Any CPU
		{846CCA01-4E29-4C4F-8E58-A88B0E2925EF}.Debug|Any CPU.Build.0 = Debug|Any CPU
		{846CCA01-4E29-4C4F-8E58-A88B0E2925EF}.Release|Any CPU.ActiveCfg = Release|Any CPU
		{846CCA01-4E29-4C4F-8E58-A88B0E2925EF}.Release|Any CPU.Build.0 = Release|Any CPU
		{81831C19-A3D3-403E-8BAC-D805A3087EC2}.Debug|Any CPU.ActiveCfg = Debug|Any CPU
		{81831C19-A3D3-403E-8BAC-D805A3087EC2}.Debug|Any CPU.Build.0 = Debug|Any CPU
		{81831C19-A3D3-403E-8BAC-D805A3087EC2}.Release|Any CPU.ActiveCfg = Release|Any CPU
		{81831C19-A3D3-403E-8BAC-D805A3087EC2}.Release|Any CPU.Build.0 = Release|Any CPU
		{CA6EA28B-C54E-4CDF-931A-AB99DE56F93F}.Debug|Any CPU.ActiveCfg = Debug|Any CPU
		{CA6EA28B-C54E-4CDF-931A-AB99DE56F93F}.Debug|Any CPU.Build.0 = Debug|Any CPU
		{CA6EA28B-C54E-4CDF-931A-AB99DE56F93F}.Release|Any CPU.ActiveCfg = Release|Any CPU
		{CA6EA28B-C54E-4CDF-931A-AB99DE56F93F}.Release|Any CPU.Build.0 = Release|Any CPU
		{A36F8E6B-3E1E-4CBE-BC02-06D686A153ED}.Debug|Any CPU.ActiveCfg = Debug|Any CPU
		{A36F8E6B-3E1E-4CBE-BC02-06D686A153ED}.Debug|Any CPU.Build.0 = Debug|Any CPU
		{A36F8E6B-3E1E-4CBE-BC02-06D686A153ED}.Release|Any CPU.ActiveCfg = Release|Any CPU
		{A36F8E6B-3E1E-4CBE-BC02-06D686A153ED}.Release|Any CPU.Build.0 = Release|Any CPU
		{4A21FF10-A8EF-403D-BC99-3AD8F6052698}.Debug|Any CPU.ActiveCfg = Debug|Any CPU
		{4A21FF10-A8EF-403D-BC99-3AD8F6052698}.Debug|Any CPU.Build.0 = Debug|Any CPU
		{4A21FF10-A8EF-403D-BC99-3AD8F6052698}.Debug|Any CPU.Deploy.0 = Debug|Any CPU
		{4A21FF10-A8EF-403D-BC99-3AD8F6052698}.Release|Any CPU.ActiveCfg = Release|Any CPU
		{4A21FF10-A8EF-403D-BC99-3AD8F6052698}.Release|Any CPU.Build.0 = Release|Any CPU
		{4A21FF10-A8EF-403D-BC99-3AD8F6052698}.Release|Any CPU.Deploy.0 = Release|Any CPU
	EndGlobalSection
	GlobalSection(SolutionProperties) = preSolution
		HideSolutionNode = FALSE
	EndGlobalSection
	GlobalSection(ExtensibilityGlobals) = postSolution
		SolutionGuid = {FBBDDE46-A5B2-4D37-99BB-EA3064828F3F}
	EndGlobalSection
EndGlobal
